
Microsoft Visual Studio Solution File, Format Version 11.00
# Visual Studio 2010
Project("{FAE04EC0-301F-11D3-BF4B-00C04F79EFBC}") = "eRegister1", "eRegister1\eRegister1.csproj", "{D40CDD64-DCFE-4493-A5C1-34F9E18DA0B1}"
EndProject
Project("{FAE04EC0-301F-11D3-BF4B-00C04F79EFBC}") = "eRegisterData", "eRegisterData\eRegisterData.csproj", "{09DB2FB0-1A97-439D-B31A-E25AC0D19DFE}"
EndProject
Global
	GlobalSection(SolutionConfigurationPlatforms) = preSolution
		Debug|Any CPU = Debug|Any CPU
		Release|Any CPU = Release|Any CPU
	EndGlobalSection
	GlobalSection(ProjectConfigurationPlatforms) = postSolution
		{D40CDD64-DCFE-4493-A5C1-34F9E18DA0B1}.Debug|Any CPU.ActiveCfg = Debug|Any CPU
		{D40CDD64-DCFE-4493-A5C1-34F9E18DA0B1}.Debug|Any CPU.Build.0 = Debug|Any CPU
		{D40CDD64-DCFE-4493-A5C1-34F9E18DA0B1}.Release|Any CPU.ActiveCfg = Release|Any CPU
		{D40CDD64-DCFE-4493-A5C1-34F9E18DA0B1}.Release|Any CPU.Build.0 = Release|Any CPU
		{09DB2FB0-1A97-439D-B31A-E25AC0D19DFE}.Debug|Any CPU.ActiveCfg = Debug|Any CPU
		{09DB2FB0-1A97-439D-B31A-E25AC0D19DFE}.Debug|Any CPU.Build.0 = Debug|Any CPU
		{09DB2FB0-1A97-439D-B31A-E25AC0D19DFE}.Release|Any CPU.ActiveCfg = Release|Any CPU
		{09DB2FB0-1A97-439D-B31A-E25AC0D19DFE}.Release|Any CPU.Build.0 = Release|Any CPU
	EndGlobalSection
	GlobalSection(SolutionProperties) = preSolution
		HideSolutionNode = FALSE
	EndGlobalSection
EndGlobal
